
Microsoft Visual Studio Solution File, Format Version 12.00
# Visual Studio Version 16
VisualStudioVersion = 16.0.31624.102
MinimumVisualStudioVersion = 10.0.40219.1
Project("{FAE04EC0-301F-11D3-BF4B-00C04F79EFBC}") = "RoundGQuestion1", "GoogleKickStartRoundG2021\RoundGQuestion1.csproj", "{208164A2-C165-43C1-8725-9C27AB02FE9F}"
EndProject
Project("{FAE04EC0-301F-11D3-BF4B-00C04F79EFBC}") = "RoundGQuestion2", "Question2\RoundGQuestion2.csproj", "{B757A1B8-7E19-41A5-BC30-93F53DD9F708}"
EndProject
Global
	GlobalSection(SolutionConfigurationPlatforms) = preSolution
		Debug|Any CPU = Debug|Any CPU
		Release|Any CPU = Release|Any CPU
	EndGlobalSection
	GlobalSection(ProjectConfigurationPlatforms) = postSolution
		{208164A2-C165-43C1-8725-9C27AB02FE9F}.Debug|Any CPU.ActiveCfg = Debug|Any CPU
		{208164A2-C165-43C1-8725-9C27AB02FE9F}.Debug|Any CPU.Build.0 = Debug|Any CPU
		{208164A2-C165-43C1-8725-9C27AB02FE9F}.Release|Any CPU.ActiveCfg = Release|Any CPU
		{208164A2-C165-43C1-8725-9C27AB02FE9F}.Release|Any CPU.Build.0 = Release|Any CPU
		{B757A1B8-7E19-41A5-BC30-93F53DD9F708}.Debug|Any CPU.ActiveCfg = Debug|Any CPU
		{B757A1B8-7E19-41A5-BC30-93F53DD9F708}.Debug|Any CPU.Build.0 = Debug|Any CPU
		{B757A1B8-7E19-41A5-BC30-93F53DD9F708}.Release|Any CPU.ActiveCfg = Release|Any CPU
		{B757A1B8-7E19-41A5-BC30-93F53DD9F708}.Release|Any CPU.Build.0 = Release|Any CPU
	EndGlobalSection
	GlobalSection(SolutionProperties) = preSolution
		HideSolutionNode = FALSE
	EndGlobalSection
	GlobalSection(ExtensibilityGlobals) = postSolution
		SolutionGuid = {92C80EA3-A896-4954-80CE-3B27F3FAE635}
	EndGlobalSection
EndGlobal
